
Microsoft Visual Studio Solution File, Format Version 12.00
# Visual Studio Version 17
VisualStudioVersion = 17.8.34511.84
MinimumVisualStudioVersion = 10.0.40219.1
Project("{FAE04EC0-301F-11D3-BF4B-00C04F79EFBC}") = "PracicaExamenMVC", "PracicaExamenMVC\PracicaExamenMVC.csproj", "{4A801E3A-D7EB-40F9-8F50-B5288038C119}"
EndProject
Global
	GlobalSection(SolutionConfigurationPlatforms) = preSolution
		Debug|Any CPU = Debug|Any CPU
		Release|Any CPU = Release|Any CPU
	EndGlobalSection
	GlobalSection(ProjectConfigurationPlatforms) = postSolution
		{4A801E3A-D7EB-40F9-8F50-B5288038C119}.Debug|Any CPU.ActiveCfg = Debug|Any CPU
		{4A801E3A-D7EB-40F9-8F50-B5288038C119}.Debug|Any CPU.Build.0 = Debug|Any CPU
		{4A801E3A-D7EB-40F9-8F50-B5288038C119}.Release|Any CPU.ActiveCfg = Release|Any CPU
		{4A801E3A-D7EB-40F9-8F50-B5288038C119}.Release|Any CPU.Build.0 = Release|Any CPU
	EndGlobalSection
	GlobalSection(SolutionProperties) = preSolution
		HideSolutionNode = FALSE
	EndGlobalSection
	GlobalSection(ExtensibilityGlobals) = postSolution
		SolutionGuid = {42A31022-825E-4786-B27F-1B753B3E3E56}
	EndGlobalSection
EndGlobal
